{
    "version": 3,
    "terraform_version": "0.7.2",
    "serial": 6,
    "lineage": "c3d05e57-aa48-4cfc-b140-203d7ff5bd32",
    "modules": [
        {
            "path": [
                "root"
            ],
            "outputs": {},
            "resources": {
                "cloudflare_record.app1": {
                    "type": "cloudflare_record",
                    "depends_on": [
                        "digitalocean_droplet.app1"
                    ],
                    "primary": {
                        "id": "cbb9f50a0c126e466762227099b928b1",
                        "attributes": {
                            "domain": "my-grocery-price-book.co.za",
                            "hostname": "app1.my-grocery-price-book.co.za",
                            "id": "cbb9f50a0c126e466762227099b928b1",
                            "name": "app1",
                            "priority": "0",
                            "proxied": "false",
                            "ttl": "1",
                            "type": "A",
                            "value": "139.59.179.26",
                            "zone_id": "109b1507973cf50a09a91f1b11253d46"
                        },
                        "meta": {
                            "schema_version": "1"
                        },
                        "tainted": false
                    },
                    "deposed": [],
                    "provider": ""
                },
                "digitalocean_droplet.app1": {
                    "type": "digitalocean_droplet",
                    "depends_on": [],
                    "primary": {
                        "id": "20448346",
                        "attributes": {
                            "id": "20448346",
                            "image": "ubuntu-16-04-x64",
                            "ipv4_address": "139.59.179.26",
                            "locked": "false",
                            "name": "my-grocery-book-app1",
                            "region": "lon1",
                            "size": "512mb",
                            "ssh_keys.#": "1",
                            "ssh_keys.0": "59:4f:d9:37:bb:88:3e:5b:f7:0b:bc:ae:71:2e:9a:37",
                            "status": "active",
                            "tags.#": "0"
                        },
                        "meta": {},
                        "tainted": false
                    },
                    "deposed": [],
                    "provider": ""
                }
            },
            "depends_on": []
        }
    ]
}
